<?xml version="1.0" encoding="utf-8"?>
<Project ToolsVersion="4.0" xmlns="http://schemas.microsoft.com/developer/msbuild/2003">
  <ItemGroup>
    <Filter Include="Source Files">
      <UniqueIdentifier>{4FC737F1-C7A5-4376-A066-2A32D752A2FF}</UniqueIdentifier>
      <Extensions>cpp;c;cc;cxx;def;odl;idl;hpj;bat;asm;asmx</Extensions>
    </Filter>
    <Filter Include="Header Files">
      <UniqueIdentifier>{93995380-89BD-4b04-88EB-625FBE52EBFB}</UniqueIdentifier>
      <Extensions>h;hh;hpp;hxx;hm;inl;inc;xsd</Extensions>
    </Filter>
    <Filter Include="Resource Files">
      <UniqueIdentifier>{67DA6AB6-F800-4c08-8B7A-83BB121AAD01}</UniqueIdentifier>
      <Extensions>rc;ico;cur;bmp;dlg;rc2;rct;bin;rgs;gif;jpg;jpeg;jpe;resx;tiff;tif;png;wav;mfcribbon-ms</Extensions>
    </Filter>
  </ItemGroup>
  <ItemGroup>
    <Image Include="res\Bala.png">
      <Filter>Resource Files</Filter>
    </Image>
    <Image Include="res\tiles.png">
      <Filter>Resource Files</Filter>
    </Image>
    <Image Include="res\Base_tank_Dolent.png">
      <Filter>Resource Files</Filter>
    </Image>
    <Image Include="res\Base_tank_Jugador.png">
      <Filter>Resource Files</Filter>
    </Image>
    <Image Include="res\CapsulaCano_tank_Dolent.png">
      <Filter>Resource Files</Filter>
    </Image>
    <Image Include="res\CapsulaCano_tank_Jugador.png">
      <Filter>Resource Files</Filter>
    </Image>
    <Image Include="res\hud_vida.png">
      <Filter>Resource Files</Filter>
    </Image>
    <Image Include="res\Game_Over.jpg">
      <Filter>Resource Files</Filter>
    </Image>
    <Image Include="res\Icon16.png">
      <Filter>Resource Files</Filter>
    </Image>
    <Image Include="res\Icon32.png">
      <Filter>Resource Files</Filter>
    </Image>
    <Image Include="res\Icon16.ico">
      <Filter>Resource Files</Filter>
    </Image>
    <Image Include="res\Icon32.ico">
      <Filter>Resource Files</Filter>
    </Image>
    <Image Include="res\Scoreboard_button.png">
      <Filter>Resource Files</Filter>
    </Image>
    <Image Include="res\MenuRender.png">
      <Filter>Resource Files</Filter>
    </Image>
    <Image Include="res\GameOverRender.png">
      <Filter>Resource Files</Filter>
    </Image>
    <Image Include="res\ScoreboardRender.png">
      <Filter>Resource Files</Filter>
    </Image>
    <Image Include="res\OK_button.png">
      <Filter>Resource Files</Filter>
    </Image>
    <Image Include="res\NewHighScoreRender.png">
      <Filter>Resource Files</Filter>
    </Image>
    <Image Include="res\Explosio.png">
      <Filter>Resource Files</Filter>
    </Image>
    <Image Include="res\Play_game_button.png">
      <Filter>Resource Files</Filter>
    </Image>
  </ItemGroup>
  <ItemGroup>
    <None Include="res\lazy.map">
      <Filter>Resource Files</Filter>
    </None>
    <None Include="packages.config" />
    <None Include="res\DadesNivell.map">
      <Filter>Resource Files</Filter>
    </None>
    <None Include="res\Scoreboard.scb">
      <Filter>Resource Files</Filter>
    </None>
  </ItemGroup>
  <ItemGroup>
    <ClCompile Include="cpp\Bala.cpp">
      <Filter>Source Files</Filter>
    </ClCompile>
    <ClCompile Include="cpp\LTexture.cpp">
      <Filter>Source Files</Filter>
    </ClCompile>
    <ClCompile Include="cpp\Main.cpp">
      <Filter>Source Files</Filter>
    </ClCompile>
    <ClCompile Include="cpp\Tank.cpp">
      <Filter>Source Files</Filter>
    </ClCompile>
    <ClCompile Include="cpp\Tile.cpp">
      <Filter>Source Files</Filter>
    </ClCompile>
    <ClCompile Include="cpp\Global.cpp">
      <Filter>Source Files</Filter>
    </ClCompile>
    <ClCompile Include="cpp\Principal.cpp">
      <Filter>Source Files</Filter>
    </ClCompile>
    <ClCompile Include="cpp\IA.cpp">
      <Filter>Source Files</Filter>
    </ClCompile>
    <ClCompile Include="cpp\HUD.cpp">
      <Filter>Source Files</Filter>
    </ClCompile>
    <ClCompile Include="cpp\IteradorNodeTank.cpp">
      <Filter>Source Files</Filter>
    </ClCompile>
    <ClCompile Include="cpp\NodeTank.cpp">
      <Filter>Source Files</Filter>
    </ClCompile>
    <ClCompile Include="cpp\LlistaTank.cpp">
      <Filter>Source Files</Filter>
    </ClCompile>
    <ClCompile Include="cpp\Scoreboard.cpp">
      <Filter>Source Files</Filter>
    </ClCompile>
  </ItemGroup>
  <ItemGroup>
    <ClInclude Include="h\Tile.h">
      <Filter>Header Files</Filter>
    </ClInclude>
    <ClInclude Include="h\Bala.h">
      <Filter>Header Files</Filter>
    </ClInclude>
    <ClInclude Include="h\Tank.h">
      <Filter>Header Files</Filter>
    </ClInclude>
    <ClInclude Include="h\LTexture.h">
      <Filter>Header Files</Filter>
    </ClInclude>
    <ClInclude Include="h\Main.h">
      <Filter>Header Files</Filter>
    </ClInclude>
    <ClInclude Include="h\Global.h">
      <Filter>Header Files</Filter>
    </ClInclude>
    <ClInclude Include="h\Principal.h">
      <Filter>Header Files</Filter>
    </ClInclude>
    <ClInclude Include="h\IA.h">
      <Filter>Header Files</Filter>
    </ClInclude>
    <ClInclude Include="h\HUD.h">
      <Filter>Header Files</Filter>
    </ClInclude>
    <ClInclude Include="h\IteradorNodeTank.h">
      <Filter>Header Files</Filter>
    </ClInclude>
    <ClInclude Include="h\NodeTank.h">
      <Filter>Header Files</Filter>
    </ClInclude>
    <ClInclude Include="h\LlistaTank.h">
      <Filter>Header Files</Filter>
    </ClInclude>
    <ClInclude Include="h\Scoreboard.h">
      <Filter>Header Files</Filter>
    </ClInclude>
    <ClInclude Include="SDL_mixer.h">
      <Filter>Header Files</Filter>
    </ClInclude>
    <ClInclude Include="resource.h">
      <Filter>Header Files</Filter>
    </ClInclude>
  </ItemGroup>
  <ItemGroup>
    <Font Include="res\font.ttf">
      <Filter>Resource Files</Filter>
    </Font>
  </ItemGroup>
  <ItemGroup>
    <Media Include="res\MenuSong.wav">
      <Filter>Resource Files</Filter>
    </Media>
    <Media Include="res\Click.wav">
      <Filter>Resource Files</Filter>
    </Media>
    <Media Include="res\Explosion.wav">
      <Filter>Resource Files</Filter>
    </Media>
    <Media Include="res\InGameSong.wav">
      <Filter>Resource Files</Filter>
    </Media>
    <Media Include="res\GameOver.wav">
      <Filter>Resource Files</Filter>
    </Media>
    <Media Include="res\Backspace.wav">
      <Filter>Resource Files</Filter>
    </Media>
    <Media Include="res\Return.wav">
      <Filter>Resource Files</Filter>
    </Media>
    <Media Include="res\Type.wav">
      <Filter>Resource Files</Filter>
    </Media>
  </ItemGroup>
  <ItemGroup>
    <Library Include="SDL2_mixer.lib" />
  </ItemGroup>
  <ItemGroup>
    <ResourceCompile Include="Tanks.rc">
      <Filter>Resource Files</Filter>
    </ResourceCompile>
  </ItemGroup>
</Project>